
Microsoft Visual Studio Solution File, Format Version 12.00
# Visual Studio Version 17
VisualStudioVersion = 17.5.33516.290
MinimumVisualStudioVersion = 10.0.40219.1
Project("{FAE04EC0-301F-11D3-BF4B-00C04F79EFBC}") = "BenchmarkTutorial.Console", "BenchmarkTutorial.Console\BenchmarkTutorial.Console.csproj", "{B34E945B-55EC-41E3-9C8D-0BA0C327A0B9}"
EndProject
Global
	GlobalSection(SolutionConfigurationPlatforms) = preSolution
		Debug|Any CPU = Debug|Any CPU
		Release|Any CPU = Release|Any CPU
	EndGlobalSection
	GlobalSection(ProjectConfigurationPlatforms) = postSolution
		{B34E945B-55EC-41E3-9C8D-0BA0C327A0B9}.Debug|Any CPU.ActiveCfg = Debug|Any CPU
		{B34E945B-55EC-41E3-9C8D-0BA0C327A0B9}.Debug|Any CPU.Build.0 = Debug|Any CPU
		{B34E945B-55EC-41E3-9C8D-0BA0C327A0B9}.Release|Any CPU.ActiveCfg = Release|Any CPU
		{B34E945B-55EC-41E3-9C8D-0BA0C327A0B9}.Release|Any CPU.Build.0 = Release|Any CPU
	EndGlobalSection
	GlobalSection(SolutionProperties) = preSolution
		HideSolutionNode = FALSE
	EndGlobalSection
	GlobalSection(ExtensibilityGlobals) = postSolution
		SolutionGuid = {A15838AA-0116-4BA3-8E9B-60B460571BA4}
	EndGlobalSection
EndGlobal
